
Microsoft Visual Studio Solution File, Format Version 12.00
# Visual Studio 15
VisualStudioVersion = 15.0.27004.2009
MinimumVisualStudioVersion = 10.0.40219.1
Project("{E24C65DC-7377-472B-9ABA-BC803B73C61A}") = "WebSite1(1)", "D:\space\WebSite1\", "{0B2A75B8-69A0-4886-9502-D28B4B78F97D}"
	ProjectSection(WebsiteProperties) = preProject
		TargetFrameworkMoniker = ".NETFramework,Version%3Dv4.0"
		Debug.AspNetCompiler.VirtualPath = "/localhost_1750"
		Debug.AspNetCompiler.PhysicalPath = "D:\space\WebSite1\"
		Debug.AspNetCompiler.TargetPath = "PrecompiledWeb\localhost_1750\"
		Debug.AspNetCompiler.Updateable = "true"
		Debug.AspNetCompiler.ForceOverwrite = "true"
		Debug.AspNetCompiler.FixedNames = "false"
		Debug.AspNetCompiler.Debug = "True"
		Release.AspNetCompiler.VirtualPath = "/localhost_1750"
		Release.AspNetCompiler.PhysicalPath = "D:\space\WebSite1\"
		Release.AspNetCompiler.TargetPath = "PrecompiledWeb\localhost_1750\"
		Release.AspNetCompiler.Updateable = "true"
		Release.AspNetCompiler.ForceOverwrite = "true"
		Release.AspNetCompiler.FixedNames = "false"
		Release.AspNetCompiler.Debug = "False"
		VWDPort = "1750"
		SlnRelativePath = "D:\space\WebSite1\"
		DefaultWebSiteLanguage = "Visual C#"
	EndProjectSection
EndProject
Global
	GlobalSection(SolutionConfigurationPlatforms) = preSolution
		Debug|Any CPU = Debug|Any CPU
	EndGlobalSection
	GlobalSection(ProjectConfigurationPlatforms) = postSolution
		{0B2A75B8-69A0-4886-9502-D28B4B78F97D}.Debug|Any CPU.ActiveCfg = Debug|Any CPU
		{0B2A75B8-69A0-4886-9502-D28B4B78F97D}.Debug|Any CPU.Build.0 = Debug|Any CPU
	EndGlobalSection
	GlobalSection(SolutionProperties) = preSolution
		HideSolutionNode = FALSE
	EndGlobalSection
	GlobalSection(ExtensibilityGlobals) = postSolution
		SolutionGuid = {6BEA16D6-B7EB-4EBB-933C-9D00A375C2AC}
	EndGlobalSection
EndGlobal
